
Microsoft Visual Studio Solution File, Format Version 12.00
# Visual Studio 14
VisualStudioVersion = 14.0.24720.0
MinimumVisualStudioVersion = 10.0.40219.1
Project("{FAE04EC0-301F-11D3-BF4B-00C04F79EFBC}") = "PowerpointGenerator", "PowerpointGenerator\PowerpointGenerator.csproj", "{6B51E79C-9BED-457F-BF11-889863FF5BAA}"
EndProject
Project("{FAE04EC0-301F-11D3-BF4B-00C04F79EFBC}") = "MicrosoftPowerpointWrapper", "MicrosoftPowerpointWrapper\MicrosoftPowerpointWrapper.csproj", "{D65AA3EF-0086-4CA5-802E-A2BB2E3BED20}"
EndProject
Project("{FAE04EC0-301F-11D3-BF4B-00C04F79EFBC}") = "IDatabase", "Interfaces\IDatabase\IDatabase.csproj", "{318647D0-B6BB-410E-A547-628049EADB9D}"
EndProject
Project("{FAE04EC0-301F-11D3-BF4B-00C04F79EFBC}") = "ISettings", "Interfaces\ISettings\ISettings.csproj", "{76821EAA-462D-4CAD-813D-BCFF31EDAD3A}"
EndProject
Project("{FAE04EC0-301F-11D3-BF4B-00C04F79EFBC}") = "ISlideBuilder", "Interfaces\ISlideBuilder\ISlideBuilder.csproj", "{4CE33A64-DB90-489B-9D01-99A88F24F2F7}"
EndProject
Project("{FAE04EC0-301F-11D3-BF4B-00C04F79EFBC}") = "ILiturgieDatabase", "Interfaces\ILiturgieDatabase\ILiturgieDatabase.csproj", "{1338D41D-5E66-40F3-845F-170A8DCFB445}"
EndProject
Project("{FAE04EC0-301F-11D3-BF4B-00C04F79EFBC}") = "RemoteGenerator", "RemoteGenerator\RemoteGenerator.csproj", "{42A44165-7D09-448E-A17A-EBC768BB8FF8}"
EndProject
Project("{FAE04EC0-301F-11D3-BF4B-00C04F79EFBC}") = "Tools", "Tools\Tools.csproj", "{4FCC4DE1-8D80-43A3-B422-4ADD6410E2AE}"
EndProject
Project("{FAE04EC0-301F-11D3-BF4B-00C04F79EFBC}") = "ConnectTools", "ConnectTools\ConnectTools.csproj", "{00EF486E-9338-4978-97EF-1A165498E9C8}"
EndProject
Project("{2150E333-8FDC-42A3-9474-1A3956D46DE8}") = "Tests", "Tests", "{82068B2E-5C2D-4417-A7CE-828B8C4B6F8A}"
EndProject
Project("{FAE04EC0-301F-11D3-BF4B-00C04F79EFBC}") = "Tools.Tests", "Tests\Tools.Tests\Tools.Tests.csproj", "{D621AAA0-8D96-451B-ACE5-AD68596273AD}"
EndProject
Project("{FAE04EC0-301F-11D3-BF4B-00C04F79EFBC}") = "MicrosoftPowerpointWrapper.Tests", "Tools\MicrosoftPowerpointWrapper.Tests\MicrosoftPowerpointWrapper.Tests.csproj", "{451902C3-E15B-4D8A-8FC7-62A641FC13E8}"
EndProject
Project("{FAE04EC0-301F-11D3-BF4B-00C04F79EFBC}") = "ConnectTools.Tests", "Tests\ConnectTools.Tests\ConnectTools.Tests.csproj", "{51839F5A-7EB1-4B3B-9D86-8B9A55263E7F}"
EndProject
Project("{2150E333-8FDC-42A3-9474-1A3956D46DE8}") = "Interfaces", "Interfaces", "{61E1F30A-F73D-4228-B559-DBD9F8511AC8}"
EndProject
Project("{FAE04EC0-301F-11D3-BF4B-00C04F79EFBC}") = "IFileSystem", "Interfaces\IFileSystem\IFileSystem.csproj", "{10295C3D-BC8B-4FCA-A6C8-ABC0E1DFE510}"
EndProject
Global
	GlobalSection(SolutionConfigurationPlatforms) = preSolution
		Debug PowerpointWrapper|Any CPU = Debug PowerpointWrapper|Any CPU
		Debug|Any CPU = Debug|Any CPU
		Release|Any CPU = Release|Any CPU
	EndGlobalSection
	GlobalSection(ProjectConfigurationPlatforms) = postSolution
		{6B51E79C-9BED-457F-BF11-889863FF5BAA}.Debug PowerpointWrapper|Any CPU.ActiveCfg = Debug PowerpointWrapper|Any CPU
		{6B51E79C-9BED-457F-BF11-889863FF5BAA}.Debug PowerpointWrapper|Any CPU.Build.0 = Debug PowerpointWrapper|Any CPU
		{6B51E79C-9BED-457F-BF11-889863FF5BAA}.Debug|Any CPU.ActiveCfg = Debug|Any CPU
		{6B51E79C-9BED-457F-BF11-889863FF5BAA}.Debug|Any CPU.Build.0 = Debug|Any CPU
		{6B51E79C-9BED-457F-BF11-889863FF5BAA}.Release|Any CPU.ActiveCfg = Release|Any CPU
		{6B51E79C-9BED-457F-BF11-889863FF5BAA}.Release|Any CPU.Build.0 = Release|Any CPU
		{D65AA3EF-0086-4CA5-802E-A2BB2E3BED20}.Debug PowerpointWrapper|Any CPU.ActiveCfg = Debug PowerpointWrapper|Any CPU
		{D65AA3EF-0086-4CA5-802E-A2BB2E3BED20}.Debug PowerpointWrapper|Any CPU.Build.0 = Debug PowerpointWrapper|Any CPU
		{D65AA3EF-0086-4CA5-802E-A2BB2E3BED20}.Debug|Any CPU.ActiveCfg = Debug|Any CPU
		{D65AA3EF-0086-4CA5-802E-A2BB2E3BED20}.Debug|Any CPU.Build.0 = Debug|Any CPU
		{D65AA3EF-0086-4CA5-802E-A2BB2E3BED20}.Release|Any CPU.ActiveCfg = Release|Any CPU
		{D65AA3EF-0086-4CA5-802E-A2BB2E3BED20}.Release|Any CPU.Build.0 = Release|Any CPU
		{318647D0-B6BB-410E-A547-628049EADB9D}.Debug PowerpointWrapper|Any CPU.ActiveCfg = Debug PowerpointWrapper|Any CPU
		{318647D0-B6BB-410E-A547-628049EADB9D}.Debug PowerpointWrapper|Any CPU.Build.0 = Debug PowerpointWrapper|Any CPU
		{318647D0-B6BB-410E-A547-628049EADB9D}.Debug|Any CPU.ActiveCfg = Debug|Any CPU
		{318647D0-B6BB-410E-A547-628049EADB9D}.Debug|Any CPU.Build.0 = Debug|Any CPU
		{318647D0-B6BB-410E-A547-628049EADB9D}.Release|Any CPU.ActiveCfg = Release|Any CPU
		{318647D0-B6BB-410E-A547-628049EADB9D}.Release|Any CPU.Build.0 = Release|Any CPU
		{76821EAA-462D-4CAD-813D-BCFF31EDAD3A}.Debug PowerpointWrapper|Any CPU.ActiveCfg = Debug PowerpointWrapper|Any CPU
		{76821EAA-462D-4CAD-813D-BCFF31EDAD3A}.Debug PowerpointWrapper|Any CPU.Build.0 = Debug PowerpointWrapper|Any CPU
		{76821EAA-462D-4CAD-813D-BCFF31EDAD3A}.Debug|Any CPU.ActiveCfg = Debug|Any CPU
		{76821EAA-462D-4CAD-813D-BCFF31EDAD3A}.Debug|Any CPU.Build.0 = Debug|Any CPU
		{76821EAA-462D-4CAD-813D-BCFF31EDAD3A}.Release|Any CPU.ActiveCfg = Release|Any CPU
		{76821EAA-462D-4CAD-813D-BCFF31EDAD3A}.Release|Any CPU.Build.0 = Release|Any CPU
		{4CE33A64-DB90-489B-9D01-99A88F24F2F7}.Debug PowerpointWrapper|Any CPU.ActiveCfg = Debug PowerpointWrapper|Any CPU
		{4CE33A64-DB90-489B-9D01-99A88F24F2F7}.Debug PowerpointWrapper|Any CPU.Build.0 = Debug PowerpointWrapper|Any CPU
		{4CE33A64-DB90-489B-9D01-99A88F24F2F7}.Debug|Any CPU.ActiveCfg = Debug|Any CPU
		{4CE33A64-DB90-489B-9D01-99A88F24F2F7}.Debug|Any CPU.Build.0 = Debug|Any CPU
		{4CE33A64-DB90-489B-9D01-99A88F24F2F7}.Release|Any CPU.ActiveCfg = Release|Any CPU
		{4CE33A64-DB90-489B-9D01-99A88F24F2F7}.Release|Any CPU.Build.0 = Release|Any CPU
		{1338D41D-5E66-40F3-845F-170A8DCFB445}.Debug PowerpointWrapper|Any CPU.ActiveCfg = Debug|Any CPU
		{1338D41D-5E66-40F3-845F-170A8DCFB445}.Debug PowerpointWrapper|Any CPU.Build.0 = Debug|Any CPU
		{1338D41D-5E66-40F3-845F-170A8DCFB445}.Debug|Any CPU.ActiveCfg = Debug|Any CPU
		{1338D41D-5E66-40F3-845F-170A8DCFB445}.Debug|Any CPU.Build.0 = Debug|Any CPU
		{1338D41D-5E66-40F3-845F-170A8DCFB445}.Release|Any CPU.ActiveCfg = Release|Any CPU
		{1338D41D-5E66-40F3-845F-170A8DCFB445}.Release|Any CPU.Build.0 = Release|Any CPU
		{42A44165-7D09-448E-A17A-EBC768BB8FF8}.Debug PowerpointWrapper|Any CPU.ActiveCfg = Debug|Any CPU
		{42A44165-7D09-448E-A17A-EBC768BB8FF8}.Debug PowerpointWrapper|Any CPU.Build.0 = Debug|Any CPU
		{42A44165-7D09-448E-A17A-EBC768BB8FF8}.Debug|Any CPU.ActiveCfg = Debug|Any CPU
		{42A44165-7D09-448E-A17A-EBC768BB8FF8}.Debug|Any CPU.Build.0 = Debug|Any CPU
		{42A44165-7D09-448E-A17A-EBC768BB8FF8}.Release|Any CPU.ActiveCfg = Release|Any CPU
		{42A44165-7D09-448E-A17A-EBC768BB8FF8}.Release|Any CPU.Build.0 = Release|Any CPU
		{4FCC4DE1-8D80-43A3-B422-4ADD6410E2AE}.Debug PowerpointWrapper|Any CPU.ActiveCfg = Debug|Any CPU
		{4FCC4DE1-8D80-43A3-B422-4ADD6410E2AE}.Debug PowerpointWrapper|Any CPU.Build.0 = Debug|Any CPU
		{4FCC4DE1-8D80-43A3-B422-4ADD6410E2AE}.Debug|Any CPU.ActiveCfg = Debug|Any CPU
		{4FCC4DE1-8D80-43A3-B422-4ADD6410E2AE}.Debug|Any CPU.Build.0 = Debug|Any CPU
		{4FCC4DE1-8D80-43A3-B422-4ADD6410E2AE}.Release|Any CPU.ActiveCfg = Release|Any CPU
		{4FCC4DE1-8D80-43A3-B422-4ADD6410E2AE}.Release|Any CPU.Build.0 = Release|Any CPU
		{00EF486E-9338-4978-97EF-1A165498E9C8}.Debug PowerpointWrapper|Any CPU.ActiveCfg = Debug|Any CPU
		{00EF486E-9338-4978-97EF-1A165498E9C8}.Debug PowerpointWrapper|Any CPU.Build.0 = Debug|Any CPU
		{00EF486E-9338-4978-97EF-1A165498E9C8}.Debug|Any CPU.ActiveCfg = Debug|Any CPU
		{00EF486E-9338-4978-97EF-1A165498E9C8}.Debug|Any CPU.Build.0 = Debug|Any CPU
		{00EF486E-9338-4978-97EF-1A165498E9C8}.Release|Any CPU.ActiveCfg = Release|Any CPU
		{00EF486E-9338-4978-97EF-1A165498E9C8}.Release|Any CPU.Build.0 = Release|Any CPU
		{D621AAA0-8D96-451B-ACE5-AD68596273AD}.Debug PowerpointWrapper|Any CPU.ActiveCfg = Debug|Any CPU
		{D621AAA0-8D96-451B-ACE5-AD68596273AD}.Debug PowerpointWrapper|Any CPU.Build.0 = Debug|Any CPU
		{D621AAA0-8D96-451B-ACE5-AD68596273AD}.Debug|Any CPU.ActiveCfg = Debug|Any CPU
		{D621AAA0-8D96-451B-ACE5-AD68596273AD}.Debug|Any CPU.Build.0 = Debug|Any CPU
		{D621AAA0-8D96-451B-ACE5-AD68596273AD}.Release|Any CPU.ActiveCfg = Release|Any CPU
		{D621AAA0-8D96-451B-ACE5-AD68596273AD}.Release|Any CPU.Build.0 = Release|Any CPU
		{451902C3-E15B-4D8A-8FC7-62A641FC13E8}.Debug PowerpointWrapper|Any CPU.ActiveCfg = Debug|Any CPU
		{451902C3-E15B-4D8A-8FC7-62A641FC13E8}.Debug PowerpointWrapper|Any CPU.Build.0 = Debug|Any CPU
		{451902C3-E15B-4D8A-8FC7-62A641FC13E8}.Debug|Any CPU.ActiveCfg = Debug|Any CPU
		{451902C3-E15B-4D8A-8FC7-62A641FC13E8}.Debug|Any CPU.Build.0 = Debug|Any CPU
		{451902C3-E15B-4D8A-8FC7-62A641FC13E8}.Release|Any CPU.ActiveCfg = Release|Any CPU
		{451902C3-E15B-4D8A-8FC7-62A641FC13E8}.Release|Any CPU.Build.0 = Release|Any CPU
		{51839F5A-7EB1-4B3B-9D86-8B9A55263E7F}.Debug PowerpointWrapper|Any CPU.ActiveCfg = Debug|Any CPU
		{51839F5A-7EB1-4B3B-9D86-8B9A55263E7F}.Debug PowerpointWrapper|Any CPU.Build.0 = Debug|Any CPU
		{51839F5A-7EB1-4B3B-9D86-8B9A55263E7F}.Debug|Any CPU.ActiveCfg = Debug|Any CPU
		{51839F5A-7EB1-4B3B-9D86-8B9A55263E7F}.Debug|Any CPU.Build.0 = Debug|Any CPU
		{51839F5A-7EB1-4B3B-9D86-8B9A55263E7F}.Release|Any CPU.ActiveCfg = Release|Any CPU
		{51839F5A-7EB1-4B3B-9D86-8B9A55263E7F}.Release|Any CPU.Build.0 = Release|Any CPU
		{10295C3D-BC8B-4FCA-A6C8-ABC0E1DFE510}.Debug PowerpointWrapper|Any CPU.ActiveCfg = Debug|Any CPU
		{10295C3D-BC8B-4FCA-A6C8-ABC0E1DFE510}.Debug PowerpointWrapper|Any CPU.Build.0 = Debug|Any CPU
		{10295C3D-BC8B-4FCA-A6C8-ABC0E1DFE510}.Debug|Any CPU.ActiveCfg = Debug|Any CPU
		{10295C3D-BC8B-4FCA-A6C8-ABC0E1DFE510}.Debug|Any CPU.Build.0 = Debug|Any CPU
		{10295C3D-BC8B-4FCA-A6C8-ABC0E1DFE510}.Release|Any CPU.ActiveCfg = Release|Any CPU
		{10295C3D-BC8B-4FCA-A6C8-ABC0E1DFE510}.Release|Any CPU.Build.0 = Release|Any CPU
	EndGlobalSection
	GlobalSection(SolutionProperties) = preSolution
		HideSolutionNode = FALSE
	EndGlobalSection
	GlobalSection(NestedProjects) = preSolution
		{318647D0-B6BB-410E-A547-628049EADB9D} = {61E1F30A-F73D-4228-B559-DBD9F8511AC8}
		{76821EAA-462D-4CAD-813D-BCFF31EDAD3A} = {61E1F30A-F73D-4228-B559-DBD9F8511AC8}
		{4CE33A64-DB90-489B-9D01-99A88F24F2F7} = {61E1F30A-F73D-4228-B559-DBD9F8511AC8}
		{1338D41D-5E66-40F3-845F-170A8DCFB445} = {61E1F30A-F73D-4228-B559-DBD9F8511AC8}
		{D621AAA0-8D96-451B-ACE5-AD68596273AD} = {82068B2E-5C2D-4417-A7CE-828B8C4B6F8A}
		{451902C3-E15B-4D8A-8FC7-62A641FC13E8} = {82068B2E-5C2D-4417-A7CE-828B8C4B6F8A}
		{51839F5A-7EB1-4B3B-9D86-8B9A55263E7F} = {82068B2E-5C2D-4417-A7CE-828B8C4B6F8A}
		{10295C3D-BC8B-4FCA-A6C8-ABC0E1DFE510} = {61E1F30A-F73D-4228-B559-DBD9F8511AC8}
	EndGlobalSection
EndGlobal
