
Microsoft Visual Studio Solution File, Format Version 12.00
# Visual Studio 15
VisualStudioVersion = 15.0.27130.2036
MinimumVisualStudioVersion = 10.0.40219.1
Project("{FAE04EC0-301F-11D3-BF4B-00C04F79EFBC}") = "PowerpointGenerator", "PowerpointGenerator\PowerpointGenerator.csproj", "{6B51E79C-9BED-457F-BF11-889863FF5BAA}"
EndProject
Project("{FAE04EC0-301F-11D3-BF4B-00C04F79EFBC}") = "MicrosoftPowerpointWrapper", "MicrosoftPowerpointWrapper\MicrosoftPowerpointWrapper.csproj", "{D65AA3EF-0086-4CA5-802E-A2BB2E3BED20}"
EndProject
Project("{FAE04EC0-301F-11D3-BF4B-00C04F79EFBC}") = "ISettings", "Interfaces\ISettings\ISettings.csproj", "{76821EAA-462D-4CAD-813D-BCFF31EDAD3A}"
EndProject
Project("{FAE04EC0-301F-11D3-BF4B-00C04F79EFBC}") = "MicrosoftPowerpointWrapper.Tests", "Tests\MicrosoftPowerpointWrapper.Tests\MicrosoftPowerpointWrapper.Tests.csproj", "{451902C3-E15B-4D8A-8FC7-62A641FC13E8}"
EndProject
Project("{FAE04EC0-301F-11D3-BF4B-00C04F79EFBC}") = "Generator.Tests", "Tests\PowerpointGenerator.Tests\Generator.Tests.csproj", "{06D1D7F9-FB24-464B-8EFD-52E93D561E4E}"
EndProject
Project("{FAE04EC0-301F-11D3-BF4B-00C04F79EFBC}") = "Generator", "Generator\Generator.csproj", "{E502AED1-D6CD-4E2B-9524-AA333AA1AC21}"
EndProject
Project("{2150E333-8FDC-42A3-9474-1A3956D46DE8}") = "~Docs", "~Docs", "{5F0DC94C-B384-4BF0-8D2F-79EB2BDDD03F}"
	ProjectSection(SolutionItems) = preProject
		Roadmap.txt = Roadmap.txt
		ToDo.txt = ToDo.txt
	EndProjectSection
EndProject
Global
	GlobalSection(SolutionConfigurationPlatforms) = preSolution
		Debug PowerpointWrapper|Any CPU = Debug PowerpointWrapper|Any CPU
		Debug|Any CPU = Debug|Any CPU
		Release|Any CPU = Release|Any CPU
	EndGlobalSection
	GlobalSection(ProjectConfigurationPlatforms) = postSolution
		{6B51E79C-9BED-457F-BF11-889863FF5BAA}.Debug PowerpointWrapper|Any CPU.ActiveCfg = Debug PowerpointWrapper|Any CPU
		{6B51E79C-9BED-457F-BF11-889863FF5BAA}.Debug PowerpointWrapper|Any CPU.Build.0 = Debug PowerpointWrapper|Any CPU
		{6B51E79C-9BED-457F-BF11-889863FF5BAA}.Debug|Any CPU.ActiveCfg = Debug|Any CPU
		{6B51E79C-9BED-457F-BF11-889863FF5BAA}.Debug|Any CPU.Build.0 = Debug|Any CPU
		{6B51E79C-9BED-457F-BF11-889863FF5BAA}.Release|Any CPU.ActiveCfg = Release|Any CPU
		{6B51E79C-9BED-457F-BF11-889863FF5BAA}.Release|Any CPU.Build.0 = Release|Any CPU
		{D65AA3EF-0086-4CA5-802E-A2BB2E3BED20}.Debug PowerpointWrapper|Any CPU.ActiveCfg = Debug PowerpointWrapper|Any CPU
		{D65AA3EF-0086-4CA5-802E-A2BB2E3BED20}.Debug PowerpointWrapper|Any CPU.Build.0 = Debug PowerpointWrapper|Any CPU
		{D65AA3EF-0086-4CA5-802E-A2BB2E3BED20}.Debug|Any CPU.ActiveCfg = Debug|Any CPU
		{D65AA3EF-0086-4CA5-802E-A2BB2E3BED20}.Debug|Any CPU.Build.0 = Debug|Any CPU
		{D65AA3EF-0086-4CA5-802E-A2BB2E3BED20}.Release|Any CPU.ActiveCfg = Release|Any CPU
		{D65AA3EF-0086-4CA5-802E-A2BB2E3BED20}.Release|Any CPU.Build.0 = Release|Any CPU
		{76821EAA-462D-4CAD-813D-BCFF31EDAD3A}.Debug PowerpointWrapper|Any CPU.ActiveCfg = Debug PowerpointWrapper|Any CPU
		{76821EAA-462D-4CAD-813D-BCFF31EDAD3A}.Debug PowerpointWrapper|Any CPU.Build.0 = Debug PowerpointWrapper|Any CPU
		{76821EAA-462D-4CAD-813D-BCFF31EDAD3A}.Debug|Any CPU.ActiveCfg = Debug|Any CPU
		{76821EAA-462D-4CAD-813D-BCFF31EDAD3A}.Debug|Any CPU.Build.0 = Debug|Any CPU
		{76821EAA-462D-4CAD-813D-BCFF31EDAD3A}.Release|Any CPU.ActiveCfg = Release|Any CPU
		{76821EAA-462D-4CAD-813D-BCFF31EDAD3A}.Release|Any CPU.Build.0 = Release|Any CPU
		{451902C3-E15B-4D8A-8FC7-62A641FC13E8}.Debug PowerpointWrapper|Any CPU.ActiveCfg = Debug|Any CPU
		{451902C3-E15B-4D8A-8FC7-62A641FC13E8}.Debug PowerpointWrapper|Any CPU.Build.0 = Debug|Any CPU
		{451902C3-E15B-4D8A-8FC7-62A641FC13E8}.Debug|Any CPU.ActiveCfg = Debug|Any CPU
		{451902C3-E15B-4D8A-8FC7-62A641FC13E8}.Debug|Any CPU.Build.0 = Debug|Any CPU
		{451902C3-E15B-4D8A-8FC7-62A641FC13E8}.Release|Any CPU.ActiveCfg = Release|Any CPU
		{451902C3-E15B-4D8A-8FC7-62A641FC13E8}.Release|Any CPU.Build.0 = Release|Any CPU
		{06D1D7F9-FB24-464B-8EFD-52E93D561E4E}.Debug PowerpointWrapper|Any CPU.ActiveCfg = Debug|Any CPU
		{06D1D7F9-FB24-464B-8EFD-52E93D561E4E}.Debug PowerpointWrapper|Any CPU.Build.0 = Debug|Any CPU
		{06D1D7F9-FB24-464B-8EFD-52E93D561E4E}.Debug|Any CPU.ActiveCfg = Debug|Any CPU
		{06D1D7F9-FB24-464B-8EFD-52E93D561E4E}.Debug|Any CPU.Build.0 = Debug|Any CPU
		{06D1D7F9-FB24-464B-8EFD-52E93D561E4E}.Release|Any CPU.ActiveCfg = Release|Any CPU
		{06D1D7F9-FB24-464B-8EFD-52E93D561E4E}.Release|Any CPU.Build.0 = Release|Any CPU
		{E502AED1-D6CD-4E2B-9524-AA333AA1AC21}.Debug PowerpointWrapper|Any CPU.ActiveCfg = Debug|Any CPU
		{E502AED1-D6CD-4E2B-9524-AA333AA1AC21}.Debug PowerpointWrapper|Any CPU.Build.0 = Debug|Any CPU
		{E502AED1-D6CD-4E2B-9524-AA333AA1AC21}.Debug|Any CPU.ActiveCfg = Debug|Any CPU
		{E502AED1-D6CD-4E2B-9524-AA333AA1AC21}.Debug|Any CPU.Build.0 = Debug|Any CPU
		{E502AED1-D6CD-4E2B-9524-AA333AA1AC21}.Release|Any CPU.ActiveCfg = Release|Any CPU
		{E502AED1-D6CD-4E2B-9524-AA333AA1AC21}.Release|Any CPU.Build.0 = Release|Any CPU
	EndGlobalSection
	GlobalSection(SolutionProperties) = preSolution
		HideSolutionNode = FALSE
	EndGlobalSection
	GlobalSection(ExtensibilityGlobals) = postSolution
		SolutionGuid = {EBF53CD7-6AC3-4E43-8C81-0DD5D7B03BF1}
	EndGlobalSection
EndGlobal
